// !$*UTF8*$!
{
	archiveVersion = 1;
	classes = {
	};
	objectVersion = 48;
	objects = {

/* Begin PBXBuildFile section */
		0C74737A20197B3E0054AA9D /* AppDelegate.m in Sources */ = {isa = PBXBuildFile; fileRef = 0C74737920197B3E0054AA9D /* AppDelegate.m */; };
		0C74737D20197B3E0054AA9D /* ViewController.m in Sources */ = {isa = PBXBuildFile; fileRef = 0C74737C20197B3E0054AA9D /* ViewController.m */; };
		0C74738020197B3E0054AA9D /* Main.storyboard in Resources */ = {isa = PBXBuildFile; fileRef = 0C74737E20197B3E0054AA9D /* Main.storyboard */; };
		0C74738220197B3E0054AA9D /* Assets.xcassets in Resources */ = {isa = PBXBuildFile; fileRef = 0C74738120197B3E0054AA9D /* Assets.xcassets */; };
		0C74738520197B3E0054AA9D /* LaunchScreen.storyboard in Resources */ = {isa = PBXBuildFile; fileRef = 0C74738320197B3E0054AA9D /* LaunchScreen.storyboard */; };
		0C74738820197B3E0054AA9D /* main.m in Sources */ = {isa = PBXBuildFile; fileRef = 0C74738720197B3E0054AA9D /* main.m */; };
		0C74739220197B3E0054AA9D /* HYCUserModelTests.m in Sources */ = {isa = PBXBuildFile; fileRef = 0C74739120197B3E0054AA9D /* HYCUserModelTests.m */; };
		0C74739D20197B3E0054AA9D /* HYCUserModelUITests.m in Sources */ = {isa = PBXBuildFile; fileRef = 0C74739C20197B3E0054AA9D /* HYCUserModelUITests.m */; };
		0C8E38122019A80400FBAEF3 /* HYCUserModel.framework in Frameworks */ = {isa = PBXBuildFile; fileRef = 0C8E38112019A80300FBAEF3 /* HYCUserModel.framework */; };
		0C8E38152019A81500FBAEF3 /* MyUserData.m in Sources */ = {isa = PBXBuildFile; fileRef = 0C8E38142019A81500FBAEF3 /* MyUserData.m */; };
/* End PBXBuildFile section */

/* Begin PBXContainerItemProxy section */
		0C74738E20197B3E0054AA9D /* PBXContainerItemProxy */ = {
			isa = PBXContainerItemProxy;
			containerPortal = 0C74736D20197B3E0054AA9D /* Project object */;
			proxyType = 1;
			remoteGlobalIDString = 0C74737420197B3E0054AA9D;
			remoteInfo = HYCUserModel;
		};
		0C74739920197B3E0054AA9D /* PBXContainerItemProxy */ = {
			isa = PBXContainerItemProxy;
			containerPortal = 0C74736D20197B3E0054AA9D /* Project object */;
			proxyType = 1;
			remoteGlobalIDString = 0C74737420197B3E0054AA9D;
			remoteInfo = HYCUserModel;
		};
/* End PBXContainerItemProxy section */

/* Begin PBXFileReference section */
		0C74737520197B3E0054AA9D /* HYCUserModel.app */ = {isa = PBXFileReference; explicitFileType = wrapper.application; includeInIndex = 0; path = HYCUserModel.app; sourceTree = BUILT_PRODUCTS_DIR; };
		0C74737820197B3E0054AA9D /* AppDelegate.h */ = {isa = PBXFileReference; lastKnownFileType = sourcecode.c.h; path = AppDelegate.h; sourceTree = "<group>"; };
		0C74737920197B3E0054AA9D /* AppDelegate.m */ = {isa = PBXFileReference; lastKnownFileType = sourcecode.c.objc; path = AppDelegate.m; sourceTree = "<group>"; };
		0C74737B20197B3E0054AA9D /* ViewController.h */ = {isa = PBXFileReference; lastKnownFileType = sourcecode.c.h; path = ViewController.h; sourceTree = "<group>"; };
		0C74737C20197B3E0054AA9D /* ViewController.m */ = {isa = PBXFileReference; lastKnownFileType = sourcecode.c.objc; path = ViewController.m; sourceTree = "<group>"; };
		0C74737F20197B3E0054AA9D /* Base */ = {isa = PBXFileReference; lastKnownFileType = file.storyboard; name = Base; path = Base.lproj/Main.storyboard; sourceTree = "<group>"; };
		0C74738120197B3E0054AA9D /* Assets.xcassets */ = {isa = PBXFileReference; lastKnownFileType = folder.assetcatalog; path = Assets.xcassets; sourceTree = "<group>"; };
		0C74738420197B3E0054AA9D /* Base */ = {isa = PBXFileReference; lastKnownFileType = file.storyboard; name = Base; path = Base.lproj/LaunchScreen.storyboard; sourceTree = "<group>"; };
		0C74738620197B3E0054AA9D /* Info.plist */ = {isa = PBXFileReference; lastKnownFileType = text.plist.xml; path = Info.plist; sourceTree = "<group>"; };
		0C74738720197B3E0054AA9D /* main.m */ = {isa = PBXFileReference; lastKnownFileType = sourcecode.c.objc; path = main.m; sourceTree = "<group>"; };
		0C74738D20197B3E0054AA9D /* HYCUserModelTests.xctest */ = {isa = PBXFileReference; explicitFileType = wrapper.cfbundle; includeInIndex = 0; path = HYCUserModelTests.xctest; sourceTree = BUILT_PRODUCTS_DIR; };
		0C74739120197B3E0054AA9D /* HYCUserModelTests.m */ = {isa = PBXFileReference; lastKnownFileType = sourcecode.c.objc; path = HYCUserModelTests.m; sourceTree = "<group>"; };
		0C74739320197B3E0054AA9D /* Info.plist */ = {isa = PBXFileReference; lastKnownFileType = text.plist.xml; path = Info.plist; sourceTree = "<group>"; };
		0C74739820197B3E0054AA9D /* HYCUserModelUITests.xctest */ = {isa = PBXFileReference; explicitFileType = wrapper.cfbundle; includeInIndex = 0; path = HYCUserModelUITests.xctest; sourceTree = BUILT_PRODUCTS_DIR; };
		0C74739C20197B3E0054AA9D /* HYCUserModelUITests.m */ = {isa = PBXFileReference; lastKnownFileType = sourcecode.c.objc; path = HYCUserModelUITests.m; sourceTree = "<group>"; };
		0C74739E20197B3E0054AA9D /* Info.plist */ = {isa = PBXFileReference; lastKnownFileType = text.plist.xml; path = Info.plist; sourceTree = "<group>"; };
		0C8E38112019A80300FBAEF3 /* HYCUserModel.framework */ = {isa = PBXFileReference; lastKnownFileType = wrapper.framework; path = HYCUserModel.framework; sourceTree = "<group>"; };
		0C8E38132019A81500FBAEF3 /* MyUserData.h */ = {isa = PBXFileReference; lastKnownFileType = sourcecode.c.h; path = MyUserData.h; sourceTree = "<group>"; };
		0C8E38142019A81500FBAEF3 /* MyUserData.m */ = {isa = PBXFileReference; lastKnownFileType = sourcecode.c.objc; path = MyUserData.m; sourceTree = "<group>"; };
/* End PBXFileReference section */

/* Begin PBXFrameworksBuildPhase section */
		0C74737220197B3E0054AA9D /* Frameworks */ = {
			isa = PBXFrameworksBuildPhase;
			buildActionMask = 2147483647;
			files = (
				0C8E38122019A80400FBAEF3 /* HYCUserModel.framework in Frameworks */,
			);
			runOnlyForDeploymentPostprocessing = 0;
		};
		0C74738A20197B3E0054AA9D /* Frameworks */ = {
			isa = PBXFrameworksBuildPhase;
			buildActionMask = 2147483647;
			files = (
			);
			runOnlyForDeploymentPostprocessing = 0;
		};
		0C74739520197B3E0054AA9D /* Frameworks */ = {
			isa = PBXFrameworksBuildPhase;
			buildActionMask = 2147483647;
			files = (
			);
			runOnlyForDeploymentPostprocessing = 0;
		};
/* End PBXFrameworksBuildPhase section */

/* Begin PBXGroup section */
		0C74736C20197B3E0054AA9D = {
			isa = PBXGroup;
			children = (
				0C74737720197B3E0054AA9D /* HYCUserModel */,
				0C74739020197B3E0054AA9D /* HYCUserModelTests */,
				0C74739B20197B3E0054AA9D /* HYCUserModelUITests */,
				0C74737620197B3E0054AA9D /* Products */,
			);
			sourceTree = "<group>";
		};
		0C74737620197B3E0054AA9D /* Products */ = {
			isa = PBXGroup;
			children = (
				0C74737520197B3E0054AA9D /* HYCUserModel.app */,
				0C74738D20197B3E0054AA9D /* HYCUserModelTests.xctest */,
				0C74739820197B3E0054AA9D /* HYCUserModelUITests.xctest */,
			);
			name = Products;
			sourceTree = "<group>";
		};
		0C74737720197B3E0054AA9D /* HYCUserModel */ = {
			isa = PBXGroup;
			children = (
				0C8E38112019A80300FBAEF3 /* HYCUserModel.framework */,
				0C74737820197B3E0054AA9D /* AppDelegate.h */,
				0C74737920197B3E0054AA9D /* AppDelegate.m */,
				0C74737B20197B3E0054AA9D /* ViewController.h */,
				0C74737C20197B3E0054AA9D /* ViewController.m */,
				0C8E38132019A81500FBAEF3 /* MyUserData.h */,
				0C8E38142019A81500FBAEF3 /* MyUserData.m */,
				0C74737E20197B3E0054AA9D /* Main.storyboard */,
				0C74738120197B3E0054AA9D /* Assets.xcassets */,
				0C74738320197B3E0054AA9D /* LaunchScreen.storyboard */,
				0C74738620197B3E0054AA9D /* Info.plist */,
				0C74738720197B3E0054AA9D /* main.m */,
			);
			path = HYCUserModel;
			sourceTree = "<group>";
		};
		0C74739020197B3E0054AA9D /* HYCUserModelTests */ = {
			isa = PBXGroup;
			children = (
				0C74739120197B3E0054AA9D /* HYCUserModelTests.m */,
				0C74739320197B3E0054AA9D /* Info.plist */,
			);
			path = HYCUserModelTests;
			sourceTree = "<group>";
		};
		0C74739B20197B3E0054AA9D /* HYCUserModelUITests */ = {
			isa = PBXGroup;
			children = (
				0C74739C20197B3E0054AA9D /* HYCUserModelUITests.m */,
				0C74739E20197B3E0054AA9D /* Info.plist */,
			);
			path = HYCUserModelUITests;
			sourceTree = "<group>";
		};
/* End PBXGroup section */

/* Begin PBXNativeTarget section */
		0C74737420197B3E0054AA9D /* HYCUserModel */ = {
			isa = PBXNativeTarget;
			buildConfigurationList = 0C7473A120197B3E0054AA9D /* Build configuration list for PBXNativeTarget "HYCUserModel" */;
			buildPhases = (
				0C74737120197B3E0054AA9D /* Sources */,
				0C74737220197B3E0054AA9D /* Frameworks */,
				0C74737320197B3E0054AA9D /* Resources */,
			);
			buildRules = (
			);
			dependencies = (
			);
			name = HYCUserModel;
			productName = HYCUserModel;
			productReference = 0C74737520197B3E0054AA9D /* HYCUserModel.app */;
			productType = "com.apple.product-type.application";
		};
		0C74738C20197B3E0054AA9D /* HYCUserModelTests */ = {
			isa = PBXNativeTarget;
			buildConfigurationList = 0C7473A420197B3E0054AA9D /* Build configuration list for PBXNativeTarget "HYCUserModelTests" */;
			buildPhases = (
				0C74738920197B3E0054AA9D /* Sources */,
				0C74738A20197B3E0054AA9D /* Frameworks */,
				0C74738B20197B3E0054AA9D /* Resources */,
			);
			buildRules = (
			);
			dependencies = (
				0C74738F20197B3E0054AA9D /* PBXTargetDependency */,
			);
			name = HYCUserModelTests;
			productName = HYCUserModelTests;
			productReference = 0C74738D20197B3E0054AA9D /* HYCUserModelTests.xctest */;
			productType = "com.apple.product-type.bundle.unit-test";
		};
		0C74739720197B3E0054AA9D /* HYCUserModelUITests */ = {
			isa = PBXNativeTarget;
			buildConfigurationList = 0C7473A720197B3E0054AA9D /* Build configuration list for PBXNativeTarget "HYCUserModelUITests" */;
			buildPhases = (
				0C74739420197B3E0054AA9D /* Sources */,
				0C74739520197B3E0054AA9D /* Frameworks */,
				0C74739620197B3E0054AA9D /* Resources */,
			);
			buildRules = (
			);
			dependencies = (
				0C74739A20197B3E0054AA9D /* PBXTargetDependency */,
			);
			name = HYCUserModelUITests;
			productName = HYCUserModelUITests;
			productReference = 0C74739820197B3E0054AA9D /* HYCUserModelUITests.xctest */;
			productType = "com.apple.product-type.bundle.ui-testing";
		};
/* End PBXNativeTarget section */

/* Begin PBXProject section */
		0C74736D20197B3E0054AA9D /* Project object */ = {
			isa = PBXProject;
			attributes = {
				LastUpgradeCheck = 0920;
				ORGANIZATIONNAME = hyc;
				TargetAttributes = {
					0C74737420197B3E0054AA9D = {
						CreatedOnToolsVersion = 9.2;
						ProvisioningStyle = Automatic;
					};
					0C74738C20197B3E0054AA9D = {
						CreatedOnToolsVersion = 9.2;
						ProvisioningStyle = Automatic;
						TestTargetID = 0C74737420197B3E0054AA9D;
					};
					0C74739720197B3E0054AA9D = {
						CreatedOnToolsVersion = 9.2;
						ProvisioningStyle = Automatic;
						TestTargetID = 0C74737420197B3E0054AA9D;
					};
				};
			};
			buildConfigurationList = 0C74737020197B3E0054AA9D /* Build configuration list for PBXProject "HYCUserModel" */;
			compatibilityVersion = "Xcode 8.0";
			developmentRegion = en;
			hasScannedForEncodings = 0;
			knownRegions = (
				en,
				Base,
			);
			mainGroup = 0C74736C20197B3E0054AA9D;
			productRefGroup = 0C74737620197B3E0054AA9D /* Products */;
			projectDirPath = "";
			projectRoot = "";
			targets = (
				0C74737420197B3E0054AA9D /* HYCUserModel */,
				0C74738C20197B3E0054AA9D /* HYCUserModelTests */,
				0C74739720197B3E0054AA9D /* HYCUserModelUITests */,
			);
		};
/* End PBXProject section */

/* Begin PBXResourcesBuildPhase section */
		0C74737320197B3E0054AA9D /* Resources */ = {
			isa = PBXResourcesBuildPhase;
			buildActionMask = 2147483647;
			files = (
				0C74738520197B3E0054AA9D /* LaunchScreen.storyboard in Resources */,
				0C74738220197B3E0054AA9D /* Assets.xcassets in Resources */,
				0C74738020197B3E0054AA9D /* Main.storyboard in Resources */,
			);
			runOnlyForDeploymentPostprocessing = 0;
		};
		0C74738B20197B3E0054AA9D /* Resources */ = {
			isa = PBXResourcesBuildPhase;
			buildActionMask = 2147483647;
			files = (
			);
			runOnlyForDeploymentPostprocessing = 0;
		};
		0C74739620197B3E0054AA9D /* Resources */ = {
			isa = PBXResourcesBuildPhase;
			buildActionMask = 2147483647;
			files = (
			);
			runOnlyForDeploymentPostprocessing = 0;
		};
/* End PBXResourcesBuildPhase section */

/* Begin PBXSourcesBuildPhase section */
		0C74737120197B3E0054AA9D /* Sources */ = {
			isa = PBXSourcesBuildPhase;
			buildActionMask = 2147483647;
			files = (
				0C74737D20197B3E0054AA9D /* ViewController.m in Sources */,
				0C74738820197B3E0054AA9D /* main.m in Sources */,
				0C8E38152019A81500FBAEF3 /* MyUserData.m in Sources */,
				0C74737A20197B3E0054AA9D /* AppDelegate.m in Sources */,
			);
			runOnlyForDeploymentPostprocessing = 0;
		};
		0C74738920197B3E0054AA9D /* Sources */ = {
			isa = PBXSourcesBuildPhase;
			buildActionMask = 2147483647;
			files = (
				0C74739220197B3E0054AA9D /* HYCUserModelTests.m in Sources */,
			);
			runOnlyForDeploymentPostprocessing = 0;
		};
		0C74739420197B3E0054AA9D /* Sources */ = {
			isa = PBXSourcesBuildPhase;
			buildActionMask = 2147483647;
			files = (
				0C74739D20197B3E0054AA9D /* HYCUserModelUITests.m in Sources */,
			);
			runOnlyForDeploymentPostprocessing = 0;
		};
/* End PBXSourcesBuildPhase section */

/* Begin PBXTargetDependency section */
		0C74738F20197B3E0054AA9D /* PBXTargetDependency */ = {
			isa = PBXTargetDependency;
			target = 0C74737420197B3E0054AA9D /* HYCUserModel */;
			targetProxy = 0C74738E20197B3E0054AA9D /* PBXContainerItemProxy */;
		};
		0C74739A20197B3E0054AA9D /* PBXTargetDependency */ = {
			isa = PBXTargetDependency;
			target = 0C74737420197B3E0054AA9D /* HYCUserModel */;
			targetProxy = 0C74739920197B3E0054AA9D /* PBXContainerItemProxy */;
		};
/* End PBXTargetDependency section */

/* Begin PBXVariantGroup section */
		0C74737E20197B3E0054AA9D /* Main.storyboard */ = {
			isa = PBXVariantGroup;
			children = (
				0C74737F20197B3E0054AA9D /* Base */,
			);
			name = Main.storyboard;
			sourceTree = "<group>";
		};
		0C74738320197B3E0054AA9D /* LaunchScreen.storyboard */ = {
			isa = PBXVariantGroup;
			children = (
				0C74738420197B3E0054AA9D /* Base */,
			);
			name = LaunchScreen.storyboard;
			sourceTree = "<group>";
		};
/* End PBXVariantGroup section */

/* Begin XCBuildConfiguration section */
		0C74739F20197B3E0054AA9D /* Debug */ = {
			isa = XCBuildConfiguration;
			buildSettings = {
				ALWAYS_SEARCH_USER_PATHS = NO;
				CLANG_ANALYZER_NONNULL = YES;
				CLANG_ANALYZER_NUMBER_OBJECT_CONVERSION = YES_AGGRESSIVE;
				CLANG_CXX_LANGUAGE_STANDARD = "gnu++14";
				CLANG_CXX_LIBRARY = "libc++";
				CLANG_ENABLE_MODULES = YES;
				CLANG_ENABLE_OBJC_ARC = YES;
				CLANG_WARN_BLOCK_CAPTURE_AUTORELEASING = YES;
				CLANG_WARN_BOOL_CONVERSION = YES;
				CLANG_WARN_COMMA = YES;
				CLANG_WARN_CONSTANT_CONVERSION = YES;
				CLANG_WARN_DIRECT_OBJC_ISA_USAGE = YES_ERROR;
				CLANG_WARN_DOCUMENTATION_COMMENTS = YES;
				CLANG_WARN_EMPTY_BODY = YES;
				CLANG_WARN_ENUM_CONVERSION = YES;
				CLANG_WARN_INFINITE_RECURSION = YES;
				CLANG_WARN_INT_CONVERSION = YES;
				CLANG_WARN_NON_LITERAL_NULL_CONVERSION = YES;
				CLANG_WARN_OBJC_LITERAL_CONVERSION = YES;
				CLANG_WARN_OBJC_ROOT_CLASS = YES_ERROR;
				CLANG_WARN_RANGE_LOOP_ANALYSIS = YES;
				CLANG_WARN_STRICT_PROTOTYPES = YES;
				CLANG_WARN_SUSPICIOUS_MOVE = YES;
				CLANG_WARN_UNGUARDED_AVAILABILITY = YES_AGGRESSIVE;
				CLANG_WARN_UNREACHABLE_CODE = YES;
				CLANG_WARN__DUPLICATE_METHOD_MATCH = YES;
				CODE_SIGN_IDENTITY = "iPhone Developer";
				COPY_PHASE_STRIP = NO;
				DEBUG_INFORMATION_FORMAT = dwarf;
				ENABLE_STRICT_OBJC_MSGSEND = YES;
				ENABLE_TESTABILITY = YES;
				GCC_C_LANGUAGE_STANDARD = gnu11;
				GCC_DYNAMIC_NO_PIC = NO;
				GCC_NO_COMMON_BLOCKS = YES;
				GCC_OPTIMIZATION_LEVEL = 0;
				GCC_PREPROCESSOR_DEFINITIONS = (
					"DEBUG=1",
					"$(inherited)",
				);
				GCC_WARN_64_TO_32_BIT_CONVERSION = YES;
				GCC_WARN_ABOUT_RETURN_TYPE = YES_ERROR;
				GCC_WARN_UNDECLARED_SELECTOR = YES;
				GCC_WARN_UNINITIALIZED_AUTOS = YES_AGGRESSIVE;
				GCC_WARN_UNUSED_FUNCTION = YES;
				GCC_WARN_UNUSED_VARIABLE = YES;
				IPHONEOS_DEPLOYMENT_TARGET = 11.2;
				MTL_ENABLE_DEBUG_INFO = YES;
				ONLY_ACTIVE_ARCH = YES;
				SDKROOT = iphoneos;
			};
			name = Debug;
		};
		0C7473A020197B3E0054AA9D /* Release */ = {
			isa = XCBuildConfiguration;
			buildSettings = {
				ALWAYS_SEARCH_USER_PATHS = NO;
				CLANG_ANALYZER_NONNULL = YES;
				CLANG_ANALYZER_NUMBER_OBJECT_CONVERSION = YES_AGGRESSIVE;
				CLANG_CXX_LANGUAGE_STANDARD = "gnu++14";
				CLANG_CXX_LIBRARY = "libc++";
				CLANG_ENABLE_MODULES = YES;
				CLANG_ENABLE_OBJC_ARC = YES;
				CLANG_WARN_BLOCK_CAPTURE_AUTORELEASING = YES;
				CLANG_WARN_BOOL_CONVERSION = YES;
				CLANG_WARN_COMMA = YES;
				CLANG_WARN_CONSTANT_CONVERSION = YES;
				CLANG_WARN_DIRECT_OBJC_ISA_USAGE = YES_ERROR;
				CLANG_WARN_DOCUMENTATION_COMMENTS = YES;
				CLANG_WARN_EMPTY_BODY = YES;
				CLANG_WARN_ENUM_CONVERSION = YES;
				CLANG_WARN_INFINITE_RECURSION = YES;
				CLANG_WARN_INT_CONVERSION = YES;
				CLANG_WARN_NON_LITERAL_NULL_CONVERSION = YES;
				CLANG_WARN_OBJC_LITERAL_CONVERSION = YES;
				CLANG_WARN_OBJC_ROOT_CLASS = YES_ERROR;
				CLANG_WARN_RANGE_LOOP_ANALYSIS = YES;
				CLANG_WARN_STRICT_PROTOTYPES = YES;
				CLANG_WARN_SUSPICIOUS_MOVE = YES;
				CLANG_WARN_UNGUARDED_AVAILABILITY = YES_AGGRESSIVE;
				CLANG_WARN_UNREACHABLE_CODE = YES;
				CLANG_WARN__DUPLICATE_METHOD_MATCH = YES;
				CODE_SIGN_IDENTITY = "iPhone Developer";
				COPY_PHASE_STRIP = NO;
				DEBUG_INFORMATION_FORMAT = "dwarf-with-dsym";
				ENABLE_NS_ASSERTIONS = NO;
				ENABLE_STRICT_OBJC_MSGSEND = YES;
				GCC_C_LANGUAGE_STANDARD = gnu11;
				GCC_NO_COMMON_BLOCKS = YES;
				GCC_WARN_64_TO_32_BIT_CONVERSION = YES;
				GCC_WARN_ABOUT_RETURN_TYPE = YES_ERROR;
				GCC_WARN_UNDECLARED_SELECTOR = YES;
				GCC_WARN_UNINITIALIZED_AUTOS = YES_AGGRESSIVE;
				GCC_WARN_UNUSED_FUNCTION = YES;
				GCC_WARN_UNUSED_VARIABLE = YES;
				IPHONEOS_DEPLOYMENT_TARGET = 11.2;
				MTL_ENABLE_DEBUG_INFO = NO;
				SDKROOT = iphoneos;
				VALIDATE_PRODUCT = YES;
			};
			name = Release;
		};
		0C7473A220197B3E0054AA9D /* Debug */ = {
			isa = XCBuildConfiguration;
			buildSettings = {
				ASSETCATALOG_COMPILER_APPICON_NAME = AppIcon;
				CODE_SIGN_STYLE = Automatic;
				FRAMEWORK_SEARCH_PATHS = (
					"$(inherited)",
					"$(PROJECT_DIR)/HYCUserModel",
				);
				INFOPLIST_FILE = HYCUserModel/Info.plist;
				LD_RUNPATH_SEARCH_PATHS = "$(inherited) @executable_path/Frameworks";
				PRODUCT_BUNDLE_IDENTIFIER = JLC.HYCUserModel;
				PRODUCT_NAME = "$(TARGET_NAME)";
				TARGETED_DEVICE_FAMILY = "1,2";
			};
			name = Debug;
		};
		0C7473A320197B3E0054AA9D /* Release */ = {
			isa = XCBuildConfiguration;
			buildSettings = {
				ASSETCATALOG_COMPILER_APPICON_NAME = AppIcon;
				CODE_SIGN_STYLE = Automatic;
				FRAMEWORK_SEARCH_PATHS = (
					"$(inherited)",
					"$(PROJECT_DIR)/HYCUserModel",
				);
				INFOPLIST_FILE = HYCUserModel/Info.plist;
				LD_RUNPATH_SEARCH_PATHS = "$(inherited) @executable_path/Frameworks";
				PRODUCT_BUNDLE_IDENTIFIER = JLC.HYCUserModel;
				PRODUCT_NAME = "$(TARGET_NAME)";
				TARGETED_DEVICE_FAMILY = "1,2";
			};
			name = Release;
		};
		0C7473A520197B3E0054AA9D /* Debug */ = {
			isa = XCBuildConfiguration;
			buildSettings = {
				BUNDLE_LOADER = "$(TEST_HOST)";
				CODE_SIGN_STYLE = Automatic;
				INFOPLIST_FILE = HYCUserModelTests/Info.plist;
				LD_RUNPATH_SEARCH_PATHS = "$(inherited) @executable_path/Frameworks @loader_path/Frameworks";
				PRODUCT_BUNDLE_IDENTIFIER = JLC.HYCUserModelTests;
				PRODUCT_NAME = "$(TARGET_NAME)";
				TARGETED_DEVICE_FAMILY = "1,2";
				TEST_HOST = "$(BUILT_PRODUCTS_DIR)/HYCUserModel.app/HYCUserModel";
			};
			name = Debug;
		};
		0C7473A620197B3E0054AA9D /* Release */ = {
			isa = XCBuildConfiguration;
			buildSettings = {
				BUNDLE_LOADER = "$(TEST_HOST)";
				CODE_SIGN_STYLE = Automatic;
				INFOPLIST_FILE = HYCUserModelTests/Info.plist;
				LD_RUNPATH_SEARCH_PATHS = "$(inherited) @executable_path/Frameworks @loader_path/Frameworks";
				PRODUCT_BUNDLE_IDENTIFIER = JLC.HYCUserModelTests;
				PRODUCT_NAME = "$(TARGET_NAME)";
				TARGETED_DEVICE_FAMILY = "1,2";
				TEST_HOST = "$(BUILT_PRODUCTS_DIR)/HYCUserModel.app/HYCUserModel";
			};
			name = Release;
		};
		0C7473A820197B3E0054AA9D /* Debug */ = {
			isa = XCBuildConfiguration;
			buildSettings = {
				CODE_SIGN_STYLE = Automatic;
				INFOPLIST_FILE = HYCUserModelUITests/Info.plist;
				LD_RUNPATH_SEARCH_PATHS = "$(inherited) @executable_path/Frameworks @loader_path/Frameworks";
				PRODUCT_BUNDLE_IDENTIFIER = JLC.HYCUserModelUITests;
				PRODUCT_NAME = "$(TARGET_NAME)";
				TARGETED_DEVICE_FAMILY = "1,2";
				TEST_TARGET_NAME = HYCUserModel;
			};
			name = Debug;
		};
		0C7473A920197B3E0054AA9D /* Release */ = {
			isa = XCBuildConfiguration;
			buildSettings = {
				CODE_SIGN_STYLE = Automatic;
				INFOPLIST_FILE = HYCUserModelUITests/Info.plist;
				LD_RUNPATH_SEARCH_PATHS = "$(inherited) @executable_path/Frameworks @loader_path/Frameworks";
				PRODUCT_BUNDLE_IDENTIFIER = JLC.HYCUserModelUITests;
				PRODUCT_NAME = "$(TARGET_NAME)";
				TARGETED_DEVICE_FAMILY = "1,2";
				TEST_TARGET_NAME = HYCUserModel;
			};
			name = Release;
		};
/* End XCBuildConfiguration section */

/* Begin XCConfigurationList section */
		0C74737020197B3E0054AA9D /* Build configuration list for PBXProject "HYCUserModel" */ = {
			isa = XCConfigurationList;
			buildConfigurations = (
				0C74739F20197B3E0054AA9D /* Debug */,
				0C7473A020197B3E0054AA9D /* Release */,
			);
			defaultConfigurationIsVisible = 0;
			defaultConfigurationName = Release;
		};
		0C7473A120197B3E0054AA9D /* Build configuration list for PBXNativeTarget "HYCUserModel" */ = {
			isa = XCConfigurationList;
			buildConfigurations = (
				0C7473A220197B3E0054AA9D /* Debug */,
				0C7473A320197B3E0054AA9D /* Release */,
			);
			defaultConfigurationIsVisible = 0;
			defaultConfigurationName = Release;
		};
		0C7473A420197B3E0054AA9D /* Build configuration list for PBXNativeTarget "HYCUserModelTests" */ = {
			isa = XCConfigurationList;
			buildConfigurations = (
				0C7473A520197B3E0054AA9D /* Debug */,
				0C7473A620197B3E0054AA9D /* Release */,
			);
			defaultConfigurationIsVisible = 0;
			defaultConfigurationName = Release;
		};
		0C7473A720197B3E0054AA9D /* Build configuration list for PBXNativeTarget "HYCUserModelUITests" */ = {
			isa = XCConfigurationList;
			buildConfigurations = (
				0C7473A820197B3E0054AA9D /* Debug */,
				0C7473A920197B3E0054AA9D /* Release */,
			);
			defaultConfigurationIsVisible = 0;
			defaultConfigurationName = Release;
		};
/* End XCConfigurationList section */
	};
	rootObject = 0C74736D20197B3E0054AA9D /* Project object */;
}
